
Microsoft Visual Studio Solution File, Format Version 12.00
# Visual Studio Version 16
VisualStudioVersion = 16.0.29709.97
MinimumVisualStudioVersion = 10.0.40219.1
Project("{9A19103F-16F7-4668-BE54-9A1E7A4F7556}") = "SmartShop_T24_7", "SmartShop_T24_7\SmartShop_T24_7.csproj", "{F636AEEA-4DAD-4B1C-8A67-AF47BEBC730D}"
	ProjectSection(ProjectDependencies) = postProject
		{E3B53B0D-73EA-47F6-9785-826CB89D3B97} = {E3B53B0D-73EA-47F6-9785-826CB89D3B97}
		{5FC185A4-AF81-472A-990F-4226BD08959F} = {5FC185A4-AF81-472A-990F-4226BD08959F}
	EndProjectSection
EndProject
Project("{9A19103F-16F7-4668-BE54-9A1E7A4F7556}") = "Smart_Helpers", "Smart_Helpers\Smart_Helpers.csproj", "{C863A743-0BB0-4DCF-8DAA-227761CB10DE}"
EndProject
Project("{FAE04EC0-301F-11D3-BF4B-00C04F79EFBC}") = "DataLayer", "DataLayer\DataLayer.csproj", "{E3B53B0D-73EA-47F6-9785-826CB89D3B97}"
	ProjectSection(ProjectDependencies) = postProject
		{C863A743-0BB0-4DCF-8DAA-227761CB10DE} = {C863A743-0BB0-4DCF-8DAA-227761CB10DE}
	EndProjectSection
EndProject
Project("{FAE04EC0-301F-11D3-BF4B-00C04F79EFBC}") = "BusinessLayer", "BusinessLayer\BusinessLayer.csproj", "{5FC185A4-AF81-472A-990F-4226BD08959F}"
	ProjectSection(ProjectDependencies) = postProject
		{E3B53B0D-73EA-47F6-9785-826CB89D3B97} = {E3B53B0D-73EA-47F6-9785-826CB89D3B97}
		{C863A743-0BB0-4DCF-8DAA-227761CB10DE} = {C863A743-0BB0-4DCF-8DAA-227761CB10DE}
	EndProjectSection
EndProject
Global
	GlobalSection(SolutionConfigurationPlatforms) = preSolution
		Debug|Any CPU = Debug|Any CPU
		Release|Any CPU = Release|Any CPU
	EndGlobalSection
	GlobalSection(ProjectConfigurationPlatforms) = postSolution
		{F636AEEA-4DAD-4B1C-8A67-AF47BEBC730D}.Debug|Any CPU.ActiveCfg = Debug|Any CPU
		{F636AEEA-4DAD-4B1C-8A67-AF47BEBC730D}.Debug|Any CPU.Build.0 = Debug|Any CPU
		{F636AEEA-4DAD-4B1C-8A67-AF47BEBC730D}.Release|Any CPU.ActiveCfg = Release|Any CPU
		{F636AEEA-4DAD-4B1C-8A67-AF47BEBC730D}.Release|Any CPU.Build.0 = Release|Any CPU
		{C863A743-0BB0-4DCF-8DAA-227761CB10DE}.Debug|Any CPU.ActiveCfg = Debug|Any CPU
		{C863A743-0BB0-4DCF-8DAA-227761CB10DE}.Debug|Any CPU.Build.0 = Debug|Any CPU
		{C863A743-0BB0-4DCF-8DAA-227761CB10DE}.Release|Any CPU.ActiveCfg = Release|Any CPU
		{C863A743-0BB0-4DCF-8DAA-227761CB10DE}.Release|Any CPU.Build.0 = Release|Any CPU
		{E3B53B0D-73EA-47F6-9785-826CB89D3B97}.Debug|Any CPU.ActiveCfg = Debug|Any CPU
		{E3B53B0D-73EA-47F6-9785-826CB89D3B97}.Debug|Any CPU.Build.0 = Debug|Any CPU
		{E3B53B0D-73EA-47F6-9785-826CB89D3B97}.Release|Any CPU.ActiveCfg = Release|Any CPU
		{E3B53B0D-73EA-47F6-9785-826CB89D3B97}.Release|Any CPU.Build.0 = Release|Any CPU
		{5FC185A4-AF81-472A-990F-4226BD08959F}.Debug|Any CPU.ActiveCfg = Debug|Any CPU
		{5FC185A4-AF81-472A-990F-4226BD08959F}.Debug|Any CPU.Build.0 = Debug|Any CPU
		{5FC185A4-AF81-472A-990F-4226BD08959F}.Release|Any CPU.ActiveCfg = Release|Any CPU
		{5FC185A4-AF81-472A-990F-4226BD08959F}.Release|Any CPU.Build.0 = Release|Any CPU
	EndGlobalSection
	GlobalSection(SolutionProperties) = preSolution
		HideSolutionNode = FALSE
	EndGlobalSection
	GlobalSection(ExtensibilityGlobals) = postSolution
		SolutionGuid = {942D7C51-16F0-4AF7-9954-F9C1A52E8304}
	EndGlobalSection
EndGlobal
